
Microsoft Visual Studio Solution File, Format Version 12.00
# Visual Studio Version 17
VisualStudioVersion = 17.0.31903.59
MinimumVisualStudioVersion = 10.0.40219.1
Project("{FAE04EC0-301F-11D3-BF4B-00C04F79EFBC}") = "DataReceiverService", "DataReceiverService\DataReceiverService.csproj", "{9CB3F861-1B52-4B4B-B529-7B9BE765C121}"
EndProject
Project("{FAE04EC0-301F-11D3-BF4B-00C04F79EFBC}") = "DataWriterService", "DataWriterService\DataWriterService.csproj", "{E94630A1-F59A-4BD1-BF06-EDBA6314164F}"
EndProject
Project("{FAE04EC0-301F-11D3-BF4B-00C04F79EFBC}") = "Shared", "Shared\Shared.csproj", "{C6613E64-476D-40E2-836F-32BFBF746120}"
EndProject
Global
	GlobalSection(SolutionConfigurationPlatforms) = preSolution
		Debug|Any CPU = Debug|Any CPU
		Release|Any CPU = Release|Any CPU
	EndGlobalSection
	GlobalSection(SolutionProperties) = preSolution
		HideSolutionNode = FALSE
	EndGlobalSection
	GlobalSection(ProjectConfigurationPlatforms) = postSolution
		{9CB3F861-1B52-4B4B-B529-7B9BE765C121}.Debug|Any CPU.ActiveCfg = Debug|Any CPU
		{9CB3F861-1B52-4B4B-B529-7B9BE765C121}.Debug|Any CPU.Build.0 = Debug|Any CPU
		{9CB3F861-1B52-4B4B-B529-7B9BE765C121}.Release|Any CPU.ActiveCfg = Release|Any CPU
		{9CB3F861-1B52-4B4B-B529-7B9BE765C121}.Release|Any CPU.Build.0 = Release|Any CPU
		{E94630A1-F59A-4BD1-BF06-EDBA6314164F}.Debug|Any CPU.ActiveCfg = Debug|Any CPU
		{E94630A1-F59A-4BD1-BF06-EDBA6314164F}.Debug|Any CPU.Build.0 = Debug|Any CPU
		{E94630A1-F59A-4BD1-BF06-EDBA6314164F}.Release|Any CPU.ActiveCfg = Release|Any CPU
		{E94630A1-F59A-4BD1-BF06-EDBA6314164F}.Release|Any CPU.Build.0 = Release|Any CPU
		{C6613E64-476D-40E2-836F-32BFBF746120}.Debug|Any CPU.ActiveCfg = Debug|Any CPU
		{C6613E64-476D-40E2-836F-32BFBF746120}.Debug|Any CPU.Build.0 = Debug|Any CPU
		{C6613E64-476D-40E2-836F-32BFBF746120}.Release|Any CPU.ActiveCfg = Release|Any CPU
		{C6613E64-476D-40E2-836F-32BFBF746120}.Release|Any CPU.Build.0 = Release|Any CPU
	EndGlobalSection
EndGlobal
